
Microsoft Visual Studio Solution File, Format Version 12.00
# Visual Studio Version 17
VisualStudioVersion = 17.0.31903.59
MinimumVisualStudioVersion = 10.0.40219.1
Project("{FAE04EC0-301F-11D3-BF4B-00C04F79EFBC}") = "ConsoleApp", "ConsoleApp\ConsoleApp.csproj", "{6246D176-7DC6-4E0D-8BEB-ADCD9C5A550A}"
EndProject
Project("{FAE04EC0-301F-11D3-BF4B-00C04F79EFBC}") = "Domain", "Domain\Domain.csproj", "{942320FF-25E7-4E71-A34B-B1B96CBC828B}"
EndProject
Project("{FAE04EC0-301F-11D3-BF4B-00C04F79EFBC}") = "Infrastructure", "Infrastructure\Infrastructure.csproj", "{22995A39-CAB8-4D29-A287-1FFFB147C56E}"
EndProject
Global
	GlobalSection(SolutionConfigurationPlatforms) = preSolution
		Debug|Any CPU = Debug|Any CPU
		Release|Any CPU = Release|Any CPU
	EndGlobalSection
	GlobalSection(SolutionProperties) = preSolution
		HideSolutionNode = FALSE
	EndGlobalSection
	GlobalSection(ProjectConfigurationPlatforms) = postSolution
		{6246D176-7DC6-4E0D-8BEB-ADCD9C5A550A}.Debug|Any CPU.ActiveCfg = Debug|Any CPU
		{6246D176-7DC6-4E0D-8BEB-ADCD9C5A550A}.Debug|Any CPU.Build.0 = Debug|Any CPU
		{6246D176-7DC6-4E0D-8BEB-ADCD9C5A550A}.Release|Any CPU.ActiveCfg = Release|Any CPU
		{6246D176-7DC6-4E0D-8BEB-ADCD9C5A550A}.Release|Any CPU.Build.0 = Release|Any CPU
		{942320FF-25E7-4E71-A34B-B1B96CBC828B}.Debug|Any CPU.ActiveCfg = Debug|Any CPU
		{942320FF-25E7-4E71-A34B-B1B96CBC828B}.Debug|Any CPU.Build.0 = Debug|Any CPU
		{942320FF-25E7-4E71-A34B-B1B96CBC828B}.Release|Any CPU.ActiveCfg = Release|Any CPU
		{942320FF-25E7-4E71-A34B-B1B96CBC828B}.Release|Any CPU.Build.0 = Release|Any CPU
		{22995A39-CAB8-4D29-A287-1FFFB147C56E}.Debug|Any CPU.ActiveCfg = Debug|Any CPU
		{22995A39-CAB8-4D29-A287-1FFFB147C56E}.Debug|Any CPU.Build.0 = Debug|Any CPU
		{22995A39-CAB8-4D29-A287-1FFFB147C56E}.Release|Any CPU.ActiveCfg = Release|Any CPU
		{22995A39-CAB8-4D29-A287-1FFFB147C56E}.Release|Any CPU.Build.0 = Release|Any CPU
	EndGlobalSection
EndGlobal
